PODS:
  - Alamofire (5.9.1)
  - razorpay-pod (1.2.5)
  - SkyFloatingLabelTextField (4.0.0)

DEPENDENCIES:
  - Alamofire (~> 5.4)
  - razorpay-pod (= 1.2.5)
  - SkyFloatingLabelTextField

SPEC REPOS:
  trunk:
    - Alamofire
    - razorpay-pod
    - SkyFloatingLabelTextField

SPEC CHECKSUMS:
  Alamofire: f36a35757af4587d8e4f4bfa223ad10be2422b8c
  razorpay-pod: aa2df076ea44baab6cc8296c1ccc715fe2ca818c
  SkyFloatingLabelTextField: 79ddc40e4ad59707fedbb48d605417aee48bb78a

PODFILE CHECKSUM: 807e49ccc1becc209a655a371f2de32bc0a9add5

COCOAPODS: 1.15.2
