// !$*UTF8*$!
{
	archiveVersion = 1;
	classes = {
	};
	objectVersion = 56;
	objects = {

/* Begin PBXBuildFile section */
		04005DD12C2BDD3500D51EFA /* MenuViewController.swift in Sources */ = {isa = PBXBuildFile; fileRef = 04005DD02C2BDD3500D51EFA /* MenuViewController.swift */; };
		04005DD52C2BE5AA00D51EFA /* TermsAndConditionsViewController.swift in Sources */ = {isa = PBXBuildFile; fileRef = 04005DD42C2BE5AA00D51EFA /* TermsAndConditionsViewController.swift */; };
		04005DD72C2BE5D600D51EFA /* AboutUsViewController.swift in Sources */ = {isa = PBXBuildFile; fileRef = 04005DD62C2BE5D600D51EFA /* AboutUsViewController.swift */; };
		04005DDD2C2C15C100D51EFA /* CustomHeaderView.swift in Sources */ = {isa = PBXBuildFile; fileRef = 04005DDC2C2C15C100D51EFA /* CustomHeaderView.swift */; };
		0414C9FB2C36AC01005094E3 /* HomeDetailViewController.swift in Sources */ = {isa = PBXBuildFile; fileRef = 0414C9FA2C36AC01005094E3 /* HomeDetailViewController.swift */; };
		0414C9FD2C36B0AA005094E3 /* WelcomeDesignHomePage.xib in Resources */ = {isa = PBXBuildFile; fileRef = 0414C9FC2C36B0AA005094E3 /* WelcomeDesignHomePage.xib */; };
		0414C9FF2C36B124005094E3 /* WelcomeDesignHomePage.swift in Sources */ = {isa = PBXBuildFile; fileRef = 0414C9FE2C36B124005094E3 /* WelcomeDesignHomePage.swift */; };
		0414CA012C36B5F4005094E3 /* Dummy.swift in Sources */ = {isa = PBXBuildFile; fileRef = 0414CA002C36B5F4005094E3 /* Dummy.swift */; };
		0427289E2BCF9DC000420EDD /* mySecondViewController.swift in Sources */ = {isa = PBXBuildFile; fileRef = 0427289D2BCF9DC000420EDD /* mySecondViewController.swift */; };
		04309AA52C29940F0034D178 /* DepartmentStoreViewController.swift in Sources */ = {isa = PBXBuildFile; fileRef = 04309AA42C29940F0034D178 /* DepartmentStoreViewController.swift */; };
		0450024F2C0EF15A005DFF25 /* CustomCollectionViewCell.swift in Sources */ = {isa = PBXBuildFile; fileRef = 0450024E2C0EF15A005DFF25 /* CustomCollectionViewCell.swift */; };
		045002512C0EF8CF005DFF25 /* CustomCollectionViewController.swift in Sources */ = {isa = PBXBuildFile; fileRef = 045002502C0EF8CF005DFF25 /* CustomCollectionViewController.swift */; };
		045002532C0F2E26005DFF25 /* WeatherManager.swift in Sources */ = {isa = PBXBuildFile; fileRef = 045002522C0F2E26005DFF25 /* WeatherManager.swift */; };
		045C01172C22D5CF009D0C58 /* CustomHeaderView.xib in Resources */ = {isa = PBXBuildFile; fileRef = 045C01162C22D5CF009D0C58 /* CustomHeaderView.xib */; };
		046449BB2C32B9C6001F0F0C /* SlideInTransition.swift in Sources */ = {isa = PBXBuildFile; fileRef = 046449BA2C32B9C6001F0F0C /* SlideInTransition.swift */; };
		046449BD2C32B9F1001F0F0C /* ProfileMenuVCViewController.swift in Sources */ = {isa = PBXBuildFile; fileRef = 046449BC2C32B9F1001F0F0C /* ProfileMenuVCViewController.swift */; };
		046DCE792C33D66B004DDF30 /* CartItem.swift in Sources */ = {isa = PBXBuildFile; fileRef = 046DCE782C33D66B004DDF30 /* CartItem.swift */; };
		046DCE7B2C33D8BF004DDF30 /* CartManager.swift in Sources */ = {isa = PBXBuildFile; fileRef = 046DCE7A2C33D8BF004DDF30 /* CartManager.swift */; };
		046DCE7D2C33D9A0004DDF30 /* CartViewController.swift in Sources */ = {isa = PBXBuildFile; fileRef = 046DCE7C2C33D9A0004DDF30 /* CartViewController.swift */; };
		046DCE7F2C33FD00004DDF30 /* CartTableViewCell.swift in Sources */ = {isa = PBXBuildFile; fileRef = 046DCE7E2C33FD00004DDF30 /* CartTableViewCell.swift */; };
		046E3A2D2BCE7CE70097D632 /* AppDelegate.swift in Sources */ = {isa = PBXBuildFile; fileRef = 046E3A2C2BCE7CE70097D632 /* AppDelegate.swift */; };
		046E3A2F2BCE7CE70097D632 /* SceneDelegate.swift in Sources */ = {isa = PBXBuildFile; fileRef = 046E3A2E2BCE7CE70097D632 /* SceneDelegate.swift */; };
		046E3A312BCE7CE70097D632 /* ViewController.swift in Sources */ = {isa = PBXBuildFile; fileRef = 046E3A302BCE7CE70097D632 /* ViewController.swift */; };
		046E3A362BCE7CE90097D632 /* Assets.xcassets in Resources */ = {isa = PBXBuildFile; fileRef = 046E3A352BCE7CE90097D632 /* Assets.xcassets */; };
		046E3A392BCE7CE90097D632 /* Base in Resources */ = {isa = PBXBuildFile; fileRef = 046E3A382BCE7CE90097D632 /* Base */; };
		046E3A412BCE87ED0097D632 /* CustomTableViewCell.swift in Sources */ = {isa = PBXBuildFile; fileRef = 046E3A402BCE87ED0097D632 /* CustomTableViewCell.swift */; };
		0486C0C72C11DC9E00FFD27F /* Main.storyboard in Resources */ = {isa = PBXBuildFile; fileRef = 0486C0C62C11DC9E00FFD27F /* Main.storyboard */; };
		0486DB152C17255700F2F547 /* ProductModel.swift in Sources */ = {isa = PBXBuildFile; fileRef = 0486DB142C17255700F2F547 /* ProductModel.swift */; };
		048F48BF2C41454D00CCFAC7 /* MockURLSession.swift in Sources */ = {isa = PBXBuildFile; fileRef = 048F48BE2C41454D00CCFAC7 /* MockURLSession.swift */; };
		04A7CA5B2C19A79600E25695 /* LoginViewController.swift in Sources */ = {isa = PBXBuildFile; fileRef = 04A7CA5A2C19A79600E25695 /* LoginViewController.swift */; };
		04A814892C3BA3060001F7F2 /* RegisteredUsersViewController.swift in Sources */ = {isa = PBXBuildFile; fileRef = 04A814882C3BA3060001F7F2 /* RegisteredUsersViewController.swift */; };
		04A8148B2C3BB8EF0001F7F2 /* UserTableViewCell.swift in Sources */ = {isa = PBXBuildFile; fileRef = 04A8148A2C3BB8EF0001F7F2 /* UserTableViewCell.swift */; };
		04AF87002C11BC2500E6184D /* CollectionDetailViewController.swift in Sources */ = {isa = PBXBuildFile; fileRef = 04AF86FF2C11BC2500E6184D /* CollectionDetailViewController.swift */; };
		04C748672C2D1E6B00F2C8FC /* SearchBarViewCollectionVC.swift in Sources */ = {isa = PBXBuildFile; fileRef = 04C748662C2D1E6B00F2C8FC /* SearchBarViewCollectionVC.swift */; };
		04D1AF7A2C2036A200D8ADDF /* SignUpViewController.swift in Sources */ = {isa = PBXBuildFile; fileRef = 04D1AF792C2036A200D8ADDF /* SignUpViewController.swift */; };
		04D1AF7C2C203D7F00D8ADDF /* MyAccountViewController.swift in Sources */ = {isa = PBXBuildFile; fileRef = 04D1AF7B2C203D7F00D8ADDF /* MyAccountViewController.swift */; };
		04DF1A202C3EB79A00304F2B /* RegistrationTests.swift in Sources */ = {isa = PBXBuildFile; fileRef = 04DF1A1F2C3EB79A00304F2B /* RegistrationTests.swift */; };
		04E149672C29300C00239320 /* AppleProducts.json in Resources */ = {isa = PBXBuildFile; fileRef = 04E149662C29300C00239320 /* AppleProducts.json */; };
		04FA49B02C2A738F002C8364 /* DepartmentStoreProductModel.swift in Sources */ = {isa = PBXBuildFile; fileRef = 04FA49AF2C2A738F002C8364 /* DepartmentStoreProductModel.swift */; };
		04FA49B22C2A7874002C8364 /* NetworkingManagerCocoaPods.swift in Sources */ = {isa = PBXBuildFile; fileRef = 04FA49B12C2A7874002C8364 /* NetworkingManagerCocoaPods.swift */; };
		04FA49B42C2A7C7F002C8364 /* DepartmentStoreTableViewCell.swift in Sources */ = {isa = PBXBuildFile; fileRef = 04FA49B32C2A7C7F002C8364 /* DepartmentStoreTableViewCell.swift */; };
		04FA49B62C2A92E2002C8364 /* ActivityIndicator.swift in Sources */ = {isa = PBXBuildFile; fileRef = 04FA49B52C2A92E2002C8364 /* ActivityIndicator.swift */; };
		04FD14002C1AFD270088AAF0 /* ImageServices.swift in Sources */ = {isa = PBXBuildFile; fileRef = 04FD13FF2C1AFD270088AAF0 /* ImageServices.swift */; };
		04FD2A092C3D3D3400A46114 /* AlliegiantTests.swift in Sources */ = {isa = PBXBuildFile; fileRef = 04FD2A082C3D3D3400A46114 /* AlliegiantTests.swift */; };
		04FD2A102C3D3DD000A46114 /* LoginTests.swift in Sources */ = {isa = PBXBuildFile; fileRef = 04FD2A0F2C3D3DD000A46114 /* LoginTests.swift */; };
		04FD2A142C3D5FB400A46114 /* LoginValidation.swift in Sources */ = {isa = PBXBuildFile; fileRef = 04FD2A132C3D5FB400A46114 /* LoginValidation.swift */; };
		2F1850912C3012CB00E32E06 /* UserManager.swift in Sources */ = {isa = PBXBuildFile; fileRef = 2F1850902C3012CB00E32E06 /* UserManager.swift */; };
		2F1850932C314DAA00E32E06 /* TabBarController.swift in Sources */ = {isa = PBXBuildFile; fileRef = 2F1850922C314DAA00E32E06 /* TabBarController.swift */; };
		2F1850972C31CC9E00E32E06 /* ImageScrollView.swift in Sources */ = {isa = PBXBuildFile; fileRef = 2F1850962C31CC9E00E32E06 /* ImageScrollView.swift */; };
		2F566C652C31EC350081F2A8 /* HomePageTableViewCell.swift in Sources */ = {isa = PBXBuildFile; fileRef = 2F566C642C31EC350081F2A8 /* HomePageTableViewCell.swift */; };
		2FE01EDB2C31CF7900E7A260 /* HomePageViewController.swift in Sources */ = {isa = PBXBuildFile; fileRef = 2FE01EDA2C31CF7900E7A260 /* HomePageViewController.swift */; };
		B3ADB8D40509704DE894230A /* Pods_Alliegiant.framework in Frameworks */ = {isa = PBXBuildFile; fileRef = A82F40632F5948230FE2902C /* Pods_Alliegiant.framework */; };
/* End PBXBuildFile section */

/* Begin PBXContainerItemProxy section */
		04FD2A0A2C3D3D3400A46114 /* PBXContainerItemProxy */ = {
			isa = PBXContainerItemProxy;
			containerPortal = 046E3A212BCE7CE70097D632 /* Project object */;
			proxyType = 1;
			remoteGlobalIDString = 046E3A282BCE7CE70097D632;
			remoteInfo = Alliegiant;
		};
/* End PBXContainerItemProxy section */

/* Begin PBXFileReference section */
		04005DD02C2BDD3500D51EFA /* MenuViewController.swift */ = {isa = PBXFileReference; lastKnownFileType = sourcecode.swift; path = MenuViewController.swift; sourceTree = "<group>"; };
		04005DD42C2BE5AA00D51EFA /* TermsAndConditionsViewController.swift */ = {isa = PBXFileReference; lastKnownFileType = sourcecode.swift; path = TermsAndConditionsViewController.swift; sourceTree = "<group>"; };
		04005DD62C2BE5D600D51EFA /* AboutUsViewController.swift */ = {isa = PBXFileReference; lastKnownFileType = sourcecode.swift; path = AboutUsViewController.swift; sourceTree = "<group>"; };
		04005DDC2C2C15C100D51EFA /* CustomHeaderView.swift */ = {isa = PBXFileReference; lastKnownFileType = sourcecode.swift; path = CustomHeaderView.swift; sourceTree = "<group>"; };
		0414C9FA2C36AC01005094E3 /* HomeDetailViewController.swift */ = {isa = PBXFileReference; lastKnownFileType = sourcecode.swift; path = HomeDetailViewController.swift; sourceTree = "<group>"; };
		0414C9FC2C36B0AA005094E3 /* WelcomeDesignHomePage.xib */ = {isa = PBXFileReference; lastKnownFileType = file.xib; path = WelcomeDesignHomePage.xib; sourceTree = "<group>"; };
		0414C9FE2C36B124005094E3 /* WelcomeDesignHomePage.swift */ = {isa = PBXFileReference; lastKnownFileType = sourcecode.swift; path = WelcomeDesignHomePage.swift; sourceTree = "<group>"; };
		0414CA002C36B5F4005094E3 /* Dummy.swift */ = {isa = PBXFileReference; lastKnownFileType = sourcecode.swift; path = Dummy.swift; sourceTree = "<group>"; };
		0427289D2BCF9DC000420EDD /* mySecondViewController.swift */ = {isa = PBXFileReference; lastKnownFileType = sourcecode.swift; path = mySecondViewController.swift; sourceTree = "<group>"; };
		04309AA42C29940F0034D178 /* DepartmentStoreViewController.swift */ = {isa = PBXFileReference; lastKnownFileType = sourcecode.swift; path = DepartmentStoreViewController.swift; sourceTree = "<group>"; };
		0450024E2C0EF15A005DFF25 /* CustomCollectionViewCell.swift */ = {isa = PBXFileReference; lastKnownFileType = sourcecode.swift; path = CustomCollectionViewCell.swift; sourceTree = "<group>"; };
		045002502C0EF8CF005DFF25 /* CustomCollectionViewController.swift */ = {isa = PBXFileReference; lastKnownFileType = sourcecode.swift; path = CustomCollectionViewController.swift; sourceTree = "<group>"; };
		045002522C0F2E26005DFF25 /* WeatherManager.swift */ = {isa = PBXFileReference; lastKnownFileType = sourcecode.swift; path = WeatherManager.swift; sourceTree = "<group>"; };
		045C01162C22D5CF009D0C58 /* CustomHeaderView.xib */ = {isa = PBXFileReference; lastKnownFileType = file.xib; path = CustomHeaderView.xib; sourceTree = "<group>"; };
		046449BA2C32B9C6001F0F0C /* SlideInTransition.swift */ = {isa = PBXFileReference; lastKnownFileType = sourcecode.swift; path = SlideInTransition.swift; sourceTree = "<group>"; };
		046449BC2C32B9F1001F0F0C /* ProfileMenuVCViewController.swift */ = {isa = PBXFileReference; lastKnownFileType = sourcecode.swift; path = ProfileMenuVCViewController.swift; sourceTree = "<group>"; };
		046DCE782C33D66B004DDF30 /* CartItem.swift */ = {isa = PBXFileReference; lastKnownFileType = sourcecode.swift; path = CartItem.swift; sourceTree = "<group>"; };
		046DCE7A2C33D8BF004DDF30 /* CartManager.swift */ = {isa = PBXFileReference; lastKnownFileType = sourcecode.swift; path = CartManager.swift; sourceTree = "<group>"; };
		046DCE7C2C33D9A0004DDF30 /* CartViewController.swift */ = {isa = PBXFileReference; lastKnownFileType = sourcecode.swift; path = CartViewController.swift; sourceTree = "<group>"; };
		046DCE7E2C33FD00004DDF30 /* CartTableViewCell.swift */ = {isa = PBXFileReference; lastKnownFileType = sourcecode.swift; path = CartTableViewCell.swift; sourceTree = "<group>"; };
		046E3A292BCE7CE70097D632 /* Alliegiant.app */ = {isa = PBXFileReference; explicitFileType = wrapper.application; includeInIndex = 0; path = Alliegiant.app; sourceTree = BUILT_PRODUCTS_DIR; };
		046E3A2C2BCE7CE70097D632 /* AppDelegate.swift */ = {isa = PBXFileReference; lastKnownFileType = sourcecode.swift; path = AppDelegate.swift; sourceTree = "<group>"; };
		046E3A2E2BCE7CE70097D632 /* SceneDelegate.swift */ = {isa = PBXFileReference; lastKnownFileType = sourcecode.swift; path = SceneDelegate.swift; sourceTree = "<group>"; };
		046E3A302BCE7CE70097D632 /* ViewController.swift */ = {isa = PBXFileReference; lastKnownFileType = sourcecode.swift; path = ViewController.swift; sourceTree = "<group>"; };
		046E3A352BCE7CE90097D632 /* Assets.xcassets */ = {isa = PBXFileReference; lastKnownFileType = folder.assetcatalog; path = Assets.xcassets; sourceTree = "<group>"; };
		046E3A382BCE7CE90097D632 /* Base */ = {isa = PBXFileReference; lastKnownFileType = file.storyboard; name = Base; path = Base.lproj/LaunchScreen.storyboard; sourceTree = "<group>"; };
		046E3A3A2BCE7CE90097D632 /* Info.plist */ = {isa = PBXFileReference; lastKnownFileType = text.plist.xml; path = Info.plist; sourceTree = "<group>"; };
		046E3A402BCE87ED0097D632 /* CustomTableViewCell.swift */ = {isa = PBXFileReference; lastKnownFileType = sourcecode.swift; path = CustomTableViewCell.swift; sourceTree = "<group>"; };
		0486C0C62C11DC9E00FFD27F /* Main.storyboard */ = {isa = PBXFileReference; fileEncoding = 4; lastKnownFileType = file.storyboard; path = Main.storyboard; sourceTree = "<group>"; };
		0486DB142C17255700F2F547 /* ProductModel.swift */ = {isa = PBXFileReference; lastKnownFileType = sourcecode.swift; path = ProductModel.swift; sourceTree = "<group>"; };
		048F48BE2C41454D00CCFAC7 /* MockURLSession.swift */ = {isa = PBXFileReference; lastKnownFileType = sourcecode.swift; path = MockURLSession.swift; sourceTree = "<group>"; };
		04A7CA5A2C19A79600E25695 /* LoginViewController.swift */ = {isa = PBXFileReference; lastKnownFileType = sourcecode.swift; path = LoginViewController.swift; sourceTree = "<group>"; };
		04A814882C3BA3060001F7F2 /* RegisteredUsersViewController.swift */ = {isa = PBXFileReference; lastKnownFileType = sourcecode.swift; path = RegisteredUsersViewController.swift; sourceTree = "<group>"; };
		04A8148A2C3BB8EF0001F7F2 /* UserTableViewCell.swift */ = {isa = PBXFileReference; lastKnownFileType = sourcecode.swift; path = UserTableViewCell.swift; sourceTree = "<group>"; };
		04AF86FF2C11BC2500E6184D /* CollectionDetailViewController.swift */ = {isa = PBXFileReference; lastKnownFileType = sourcecode.swift; path = CollectionDetailViewController.swift; sourceTree = "<group>"; };
		04C748662C2D1E6B00F2C8FC /* SearchBarViewCollectionVC.swift */ = {isa = PBXFileReference; lastKnownFileType = sourcecode.swift; path = SearchBarViewCollectionVC.swift; sourceTree = "<group>"; };
		04D1AF792C2036A200D8ADDF /* SignUpViewController.swift */ = {isa = PBXFileReference; lastKnownFileType = sourcecode.swift; path = SignUpViewController.swift; sourceTree = "<group>"; };
		04D1AF7B2C203D7F00D8ADDF /* MyAccountViewController.swift */ = {isa = PBXFileReference; lastKnownFileType = sourcecode.swift; path = MyAccountViewController.swift; sourceTree = "<group>"; };
		04DF1A1F2C3EB79A00304F2B /* RegistrationTests.swift */ = {isa = PBXFileReference; lastKnownFileType = sourcecode.swift; path = RegistrationTests.swift; sourceTree = "<group>"; };
		04E149662C29300C00239320 /* AppleProducts.json */ = {isa = PBXFileReference; fileEncoding = 4; lastKnownFileType = text.json; path = AppleProducts.json; sourceTree = "<group>"; };
		04FA49AF2C2A738F002C8364 /* DepartmentStoreProductModel.swift */ = {isa = PBXFileReference; lastKnownFileType = sourcecode.swift; path = DepartmentStoreProductModel.swift; sourceTree = "<group>"; };
		04FA49B12C2A7874002C8364 /* NetworkingManagerCocoaPods.swift */ = {isa = PBXFileReference; fileEncoding = 4; lastKnownFileType = sourcecode.swift; path = NetworkingManagerCocoaPods.swift; sourceTree = "<group>"; };
		04FA49B32C2A7C7F002C8364 /* DepartmentStoreTableViewCell.swift */ = {isa = PBXFileReference; lastKnownFileType = sourcecode.swift; path = DepartmentStoreTableViewCell.swift; sourceTree = "<group>"; };
		04FA49B52C2A92E2002C8364 /* ActivityIndicator.swift */ = {isa = PBXFileReference; lastKnownFileType = sourcecode.swift; path = ActivityIndicator.swift; sourceTree = "<group>"; };
		04FD13FF2C1AFD270088AAF0 /* ImageServices.swift */ = {isa = PBXFileReference; lastKnownFileType = sourcecode.swift; path = ImageServices.swift; sourceTree = "<group>"; };
		04FD2A062C3D3D3400A46114 /* AlliegiantTests.xctest */ = {isa = PBXFileReference; explicitFileType = wrapper.cfbundle; includeInIndex = 0; path = AlliegiantTests.xctest; sourceTree = BUILT_PRODUCTS_DIR; };
		04FD2A082C3D3D3400A46114 /* AlliegiantTests.swift */ = {isa = PBXFileReference; lastKnownFileType = sourcecode.swift; path = AlliegiantTests.swift; sourceTree = "<group>"; };
		04FD2A0F2C3D3DD000A46114 /* LoginTests.swift */ = {isa = PBXFileReference; lastKnownFileType = sourcecode.swift; path = LoginTests.swift; sourceTree = "<group>"; };
		04FD2A132C3D5FB400A46114 /* LoginValidation.swift */ = {isa = PBXFileReference; lastKnownFileType = sourcecode.swift; path = LoginValidation.swift; sourceTree = "<group>"; };
		2F1850902C3012CB00E32E06 /* UserManager.swift */ = {isa = PBXFileReference; lastKnownFileType = sourcecode.swift; path = UserManager.swift; sourceTree = "<group>"; };
		2F1850922C314DAA00E32E06 /* TabBarController.swift */ = {isa = PBXFileReference; lastKnownFileType = sourcecode.swift; path = TabBarController.swift; sourceTree = "<group>"; };
		2F1850962C31CC9E00E32E06 /* ImageScrollView.swift */ = {isa = PBXFileReference; lastKnownFileType = sourcecode.swift; path = ImageScrollView.swift; sourceTree = "<group>"; };
		2F566C642C31EC350081F2A8 /* HomePageTableViewCell.swift */ = {isa = PBXFileReference; lastKnownFileType = sourcecode.swift; path = HomePageTableViewCell.swift; sourceTree = "<group>"; };
		2FE01EDA2C31CF7900E7A260 /* HomePageViewController.swift */ = {isa = PBXFileReference; lastKnownFileType = sourcecode.swift; path = HomePageViewController.swift; sourceTree = "<group>"; };
		6A45653049DD715D881A0B05 /* Pods-Alliegiant.debug.xcconfig */ = {isa = PBXFileReference; includeInIndex = 1; lastKnownFileType = text.xcconfig; name = "Pods-Alliegiant.debug.xcconfig"; path = "Target Support Files/Pods-Alliegiant/Pods-Alliegiant.debug.xcconfig"; sourceTree = "<group>"; };
		A82F40632F5948230FE2902C /* Pods_Alliegiant.framework */ = {isa = PBXFileReference; explicitFileType = wrapper.framework; includeInIndex = 0; path = Pods_Alliegiant.framework; sourceTree = BUILT_PRODUCTS_DIR; };
		BB1D1398194B86ECBD5E8179 /* Pods-Alliegiant.release.xcconfig */ = {isa = PBXFileReference; includeInIndex = 1; lastKnownFileType = text.xcconfig; name = "Pods-Alliegiant.release.xcconfig"; path = "Target Support Files/Pods-Alliegiant/Pods-Alliegiant.release.xcconfig"; sourceTree = "<group>"; };
/* End PBXFileReference section */

/* Begin PBXFrameworksBuildPhase section */
		046E3A262BCE7CE70097D632 /* Frameworks */ = {
			isa = PBXFrameworksBuildPhase;
			buildActionMask = 2147483647;
			files = (
				B3ADB8D40509704DE894230A /* Pods_Alliegiant.framework in Frameworks */,
			);
			runOnlyForDeploymentPostprocessing = 0;
		};
		04FD2A032C3D3D3400A46114 /* Frameworks */ = {
			isa = PBXFrameworksBuildPhase;
			buildActionMask = 2147483647;
			files = (
			);
			runOnlyForDeploymentPostprocessing = 0;
		};
/* End PBXFrameworksBuildPhase section */

/* Begin PBXGroup section */
		046E3A202BCE7CE70097D632 = {
			isa = PBXGroup;
			children = (
				046E3A2B2BCE7CE70097D632 /* Alliegiant */,
				04FD2A072C3D3D3400A46114 /* AlliegiantTests */,
				046E3A2A2BCE7CE70097D632 /* Products */,
				5888CD76A6A123FB9A4D8E88 /* Pods */,
				9602BCBC15508D2E5BB3676F /* Frameworks */,
			);
			sourceTree = "<group>";
		};
		046E3A2A2BCE7CE70097D632 /* Products */ = {
			isa = PBXGroup;
			children = (
				046E3A292BCE7CE70097D632 /* Alliegiant.app */,
				04FD2A062C3D3D3400A46114 /* AlliegiantTests.xctest */,
			);
			name = Products;
			sourceTree = "<group>";
		};
		046E3A2B2BCE7CE70097D632 /* Alliegiant */ = {
			isa = PBXGroup;
			children = (
				04E149652C292FF300239320 /* Bundles */,
				0486DB1B2C1726DC00F2F547 /* Delegates */,
				0486DB1A2C1726BA00F2F547 /* Storyboards */,
				0486DB192C17264D00F2F547 /* ViewModel */,
				0486DB182C17260C00F2F547 /* View */,
				0486DB172C1725F200F2F547 /* Model */,
				046E3A352BCE7CE90097D632 /* Assets.xcassets */,
				046E3A3A2BCE7CE90097D632 /* Info.plist */,
			);
			path = Alliegiant;
			sourceTree = "<group>";
		};
		0486DB172C1725F200F2F547 /* Model */ = {
			isa = PBXGroup;
			children = (
				0486DB142C17255700F2F547 /* ProductModel.swift */,
				04FA49AF2C2A738F002C8364 /* DepartmentStoreProductModel.swift */,
				046DCE782C33D66B004DDF30 /* CartItem.swift */,
			);
			path = Model;
			sourceTree = "<group>";
		};
		0486DB182C17260C00F2F547 /* View */ = {
			isa = PBXGroup;
			children = (
				046E3A302BCE7CE70097D632 /* ViewController.swift */,
				0450024E2C0EF15A005DFF25 /* CustomCollectionViewCell.swift */,
				046E3A402BCE87ED0097D632 /* CustomTableViewCell.swift */,
				045002502C0EF8CF005DFF25 /* CustomCollectionViewController.swift */,
				04AF86FF2C11BC2500E6184D /* CollectionDetailViewController.swift */,
				0427289D2BCF9DC000420EDD /* mySecondViewController.swift */,
				04A7CA5A2C19A79600E25695 /* LoginViewController.swift */,
				04D1AF792C2036A200D8ADDF /* SignUpViewController.swift */,
				04D1AF7B2C203D7F00D8ADDF /* MyAccountViewController.swift */,
				045C01162C22D5CF009D0C58 /* CustomHeaderView.xib */,
				04005DDC2C2C15C100D51EFA /* CustomHeaderView.swift */,
				04309AA42C29940F0034D178 /* DepartmentStoreViewController.swift */,
				04FA49B32C2A7C7F002C8364 /* DepartmentStoreTableViewCell.swift */,
				04FA49B52C2A92E2002C8364 /* ActivityIndicator.swift */,
				04005DD02C2BDD3500D51EFA /* MenuViewController.swift */,
				04005DD42C2BE5AA00D51EFA /* TermsAndConditionsViewController.swift */,
				04005DD62C2BE5D600D51EFA /* AboutUsViewController.swift */,
				04C748662C2D1E6B00F2C8FC /* SearchBarViewCollectionVC.swift */,
				2F1850922C314DAA00E32E06 /* TabBarController.swift */,
				2F1850962C31CC9E00E32E06 /* ImageScrollView.swift */,
				2FE01EDA2C31CF7900E7A260 /* HomePageViewController.swift */,
				2F566C642C31EC350081F2A8 /* HomePageTableViewCell.swift */,
				046449BA2C32B9C6001F0F0C /* SlideInTransition.swift */,
				046449BC2C32B9F1001F0F0C /* ProfileMenuVCViewController.swift */,
				046DCE7C2C33D9A0004DDF30 /* CartViewController.swift */,
				046DCE7E2C33FD00004DDF30 /* CartTableViewCell.swift */,
				0414C9FA2C36AC01005094E3 /* HomeDetailViewController.swift */,
				0414C9FC2C36B0AA005094E3 /* WelcomeDesignHomePage.xib */,
				0414C9FE2C36B124005094E3 /* WelcomeDesignHomePage.swift */,
				0414CA002C36B5F4005094E3 /* Dummy.swift */,
				04A814882C3BA3060001F7F2 /* RegisteredUsersViewController.swift */,
				04A8148A2C3BB8EF0001F7F2 /* UserTableViewCell.swift */,
			);
			path = View;
			sourceTree = "<group>";
		};
		0486DB192C17264D00F2F547 /* ViewModel */ = {
			isa = PBXGroup;
			children = (
				045002522C0F2E26005DFF25 /* WeatherManager.swift */,
				04FD13FF2C1AFD270088AAF0 /* ImageServices.swift */,
				04FA49B12C2A7874002C8364 /* NetworkingManagerCocoaPods.swift */,
				2F1850902C3012CB00E32E06 /* UserManager.swift */,
				046DCE7A2C33D8BF004DDF30 /* CartManager.swift */,
				04FD2A132C3D5FB400A46114 /* LoginValidation.swift */,
			);
			path = ViewModel;
			sourceTree = "<group>";
		};
		0486DB1A2C1726BA00F2F547 /* Storyboards */ = {
			isa = PBXGroup;
			children = (
				046E3A372BCE7CE90097D632 /* LaunchScreen.storyboard */,
				0486C0C62C11DC9E00FFD27F /* Main.storyboard */,
			);
			path = Storyboards;
			sourceTree = "<group>";
		};
		0486DB1B2C1726DC00F2F547 /* Delegates */ = {
			isa = PBXGroup;
			children = (
				046E3A2C2BCE7CE70097D632 /* AppDelegate.swift */,
				046E3A2E2BCE7CE70097D632 /* SceneDelegate.swift */,
			);
			path = Delegates;
			sourceTree = "<group>";
		};
		04E149652C292FF300239320 /* Bundles */ = {
			isa = PBXGroup;
			children = (
				04E149662C29300C00239320 /* AppleProducts.json */,
			);
			path = Bundles;
			sourceTree = "<group>";
		};
		04FD2A072C3D3D3400A46114 /* AlliegiantTests */ = {
			isa = PBXGroup;
			children = (
				04FD2A082C3D3D3400A46114 /* AlliegiantTests.swift */,
				04FD2A0F2C3D3DD000A46114 /* LoginTests.swift */,
				04DF1A1F2C3EB79A00304F2B /* RegistrationTests.swift */,
				048F48BE2C41454D00CCFAC7 /* MockURLSession.swift */,
			);
			path = AlliegiantTests;
			sourceTree = "<group>";
		};
		5888CD76A6A123FB9A4D8E88 /* Pods */ = {
			isa = PBXGroup;
			children = (
				6A45653049DD715D881A0B05 /* Pods-Alliegiant.debug.xcconfig */,
				BB1D1398194B86ECBD5E8179 /* Pods-Alliegiant.release.xcconfig */,
			);
			path = Pods;
			sourceTree = "<group>";
		};
		9602BCBC15508D2E5BB3676F /* Frameworks */ = {
			isa = PBXGroup;
			children = (
				A82F40632F5948230FE2902C /* Pods_Alliegiant.framework */,
			);
			name = Frameworks;
			sourceTree = "<group>";
		};
/* End PBXGroup section */

/* Begin PBXNativeTarget section */
		046E3A282BCE7CE70097D632 /* Alliegiant */ = {
			isa = PBXNativeTarget;
			buildConfigurationList = 046E3A3D2BCE7CE90097D632 /* Build configuration list for PBXNativeTarget "Alliegiant" */;
			buildPhases = (
				56F044FDE2D8866D07DF22BC /* [CP] Check Pods Manifest.lock */,
				046E3A252BCE7CE70097D632 /* Sources */,
				046E3A262BCE7CE70097D632 /* Frameworks */,
				046E3A272BCE7CE70097D632 /* Resources */,
				5BE50AE3F619566AFFB86072 /* [CP] Embed Pods Frameworks */,
			);
			buildRules = (
			);
			dependencies = (
			);
			name = Alliegiant;
			productName = Alliegiant;
			productReference = 046E3A292BCE7CE70097D632 /* Alliegiant.app */;
			productType = "com.apple.product-type.application";
		};
		04FD2A052C3D3D3400A46114 /* AlliegiantTests */ = {
			isa = PBXNativeTarget;
			buildConfigurationList = 04FD2A0C2C3D3D3400A46114 /* Build configuration list for PBXNativeTarget "AlliegiantTests" */;
			buildPhases = (
				04FD2A022C3D3D3400A46114 /* Sources */,
				04FD2A032C3D3D3400A46114 /* Frameworks */,
				04FD2A042C3D3D3400A46114 /* Resources */,
			);
			buildRules = (
			);
			dependencies = (
				04FD2A0B2C3D3D3400A46114 /* PBXTargetDependency */,
			);
			name = AlliegiantTests;
			productName = AlliegiantTests;
			productReference = 04FD2A062C3D3D3400A46114 /* AlliegiantTests.xctest */;
			productType = "com.apple.product-type.bundle.unit-test";
		};
/* End PBXNativeTarget section */

/* Begin PBXProject section */
		046E3A212BCE7CE70097D632 /* Project object */ = {
			isa = PBXProject;
			attributes = {
				BuildIndependentTargetsInParallel = 1;
				LastSwiftUpdateCheck = 1530;
				LastUpgradeCheck = 1530;
				TargetAttributes = {
					046E3A282BCE7CE70097D632 = {
						CreatedOnToolsVersion = 15.3;
					};
					04FD2A052C3D3D3400A46114 = {
						CreatedOnToolsVersion = 15.3;
						TestTargetID = 046E3A282BCE7CE70097D632;
					};
				};
			};
			buildConfigurationList = 046E3A242BCE7CE70097D632 /* Build configuration list for PBXProject "Alliegiant" */;
			compatibilityVersion = "Xcode 14.0";
			developmentRegion = en;
			hasScannedForEncodings = 0;
			knownRegions = (
				en,
				Base,
			);
			mainGroup = 046E3A202BCE7CE70097D632;
			productRefGroup = 046E3A2A2BCE7CE70097D632 /* Products */;
			projectDirPath = "";
			projectRoot = "";
			targets = (
				046E3A282BCE7CE70097D632 /* Alliegiant */,
				04FD2A052C3D3D3400A46114 /* AlliegiantTests */,
			);
		};
/* End PBXProject section */

/* Begin PBXResourcesBuildPhase section */
		046E3A272BCE7CE70097D632 /* Resources */ = {
			isa = PBXResourcesBuildPhase;
			buildActionMask = 2147483647;
			files = (
				0414C9FD2C36B0AA005094E3 /* WelcomeDesignHomePage.xib in Resources */,
				045C01172C22D5CF009D0C58 /* CustomHeaderView.xib in Resources */,
				046E3A362BCE7CE90097D632 /* Assets.xcassets in Resources */,
				046E3A392BCE7CE90097D632 /* Base in Resources */,
				04E149672C29300C00239320 /* AppleProducts.json in Resources */,
				0486C0C72C11DC9E00FFD27F /* Main.storyboard in Resources */,
			);
			runOnlyForDeploymentPostprocessing = 0;
		};
		04FD2A042C3D3D3400A46114 /* Resources */ = {
			isa = PBXResourcesBuildPhase;
			buildActionMask = 2147483647;
			files = (
			);
			runOnlyForDeploymentPostprocessing = 0;
		};
/* End PBXResourcesBuildPhase section */

/* Begin PBXShellScriptBuildPhase section */
		56F044FDE2D8866D07DF22BC /* [CP] Check Pods Manifest.lock */ = {
			isa = PBXShellScriptBuildPhase;
			buildActionMask = 2147483647;
			files = (
			);
			inputFileListPaths = (
			);
			inputPaths = (
				"${PODS_PODFILE_DIR_PATH}/Podfile.lock",
				"${PODS_ROOT}/Manifest.lock",
			);
			name = "[CP] Check Pods Manifest.lock";
			outputFileListPaths = (
			);
			outputPaths = (
				"$(DERIVED_FILE_DIR)/Pods-Alliegiant-checkManifestLockResult.txt",
			);
			runOnlyForDeploymentPostprocessing = 0;
			shellPath = /bin/sh;
			shellScript = "diff \"${PODS_PODFILE_DIR_PATH}/Podfile.lock\" \"${PODS_ROOT}/Manifest.lock\" > /dev/null\nif [ $? != 0 ] ; then\n    # print error to STDERR\n    echo \"error: The sandbox is not in sync with the Podfile.lock. Run 'pod install' or update your CocoaPods installation.\" >&2\n    exit 1\nfi\n# This output is used by Xcode 'outputs' to avoid re-running this script phase.\necho \"SUCCESS\" > \"${SCRIPT_OUTPUT_FILE_0}\"\n";
			showEnvVarsInLog = 0;
		};
		5BE50AE3F619566AFFB86072 /* [CP] Embed Pods Frameworks */ = {
			isa = PBXShellScriptBuildPhase;
			buildActionMask = 2147483647;
			files = (
			);
			inputFileListPaths = (
				"${PODS_ROOT}/Target Support Files/Pods-Alliegiant/Pods-Alliegiant-frameworks-${CONFIGURATION}-input-files.xcfilelist",
			);
			name = "[CP] Embed Pods Frameworks";
			outputFileListPaths = (
				"${PODS_ROOT}/Target Support Files/Pods-Alliegiant/Pods-Alliegiant-frameworks-${CONFIGURATION}-output-files.xcfilelist",
			);
			runOnlyForDeploymentPostprocessing = 0;
			shellPath = /bin/sh;
			shellScript = "\"${PODS_ROOT}/Target Support Files/Pods-Alliegiant/Pods-Alliegiant-frameworks.sh\"\n";
			showEnvVarsInLog = 0;
		};
/* End PBXShellScriptBuildPhase section */

/* Begin PBXSourcesBuildPhase section */
		046E3A252BCE7CE70097D632 /* Sources */ = {
			isa = PBXSourcesBuildPhase;
			buildActionMask = 2147483647;
			files = (
				0414C9FB2C36AC01005094E3 /* HomeDetailViewController.swift in Sources */,
				046E3A312BCE7CE70097D632 /* ViewController.swift in Sources */,
				04FD2A142C3D5FB400A46114 /* LoginValidation.swift in Sources */,
				2F1850932C314DAA00E32E06 /* TabBarController.swift in Sources */,
				0414C9FF2C36B124005094E3 /* WelcomeDesignHomePage.swift in Sources */,
				04A8148B2C3BB8EF0001F7F2 /* UserTableViewCell.swift in Sources */,
				046DCE792C33D66B004DDF30 /* CartItem.swift in Sources */,
				04AF87002C11BC2500E6184D /* CollectionDetailViewController.swift in Sources */,
				0450024F2C0EF15A005DFF25 /* CustomCollectionViewCell.swift in Sources */,
				045002532C0F2E26005DFF25 /* WeatherManager.swift in Sources */,
				046E3A2D2BCE7CE70097D632 /* AppDelegate.swift in Sources */,
				046DCE7F2C33FD00004DDF30 /* CartTableViewCell.swift in Sources */,
				04C748672C2D1E6B00F2C8FC /* SearchBarViewCollectionVC.swift in Sources */,
				04FA49B42C2A7C7F002C8364 /* DepartmentStoreTableViewCell.swift in Sources */,
				2FE01EDB2C31CF7900E7A260 /* HomePageViewController.swift in Sources */,
				046449BD2C32B9F1001F0F0C /* ProfileMenuVCViewController.swift in Sources */,
				046449BB2C32B9C6001F0F0C /* SlideInTransition.swift in Sources */,
				04FD14002C1AFD270088AAF0 /* ImageServices.swift in Sources */,
				04FA49B22C2A7874002C8364 /* NetworkingManagerCocoaPods.swift in Sources */,
				04FA49B02C2A738F002C8364 /* DepartmentStoreProductModel.swift in Sources */,
				045002512C0EF8CF005DFF25 /* CustomCollectionViewController.swift in Sources */,
				04005DD12C2BDD3500D51EFA /* MenuViewController.swift in Sources */,
				04005DDD2C2C15C100D51EFA /* CustomHeaderView.swift in Sources */,
				2F566C652C31EC350081F2A8 /* HomePageTableViewCell.swift in Sources */,
				0414CA012C36B5F4005094E3 /* Dummy.swift in Sources */,
				046E3A412BCE87ED0097D632 /* CustomTableViewCell.swift in Sources */,
				04A814892C3BA3060001F7F2 /* RegisteredUsersViewController.swift in Sources */,
				04309AA52C29940F0034D178 /* DepartmentStoreViewController.swift in Sources */,
				0427289E2BCF9DC000420EDD /* mySecondViewController.swift in Sources */,
				04005DD52C2BE5AA00D51EFA /* TermsAndConditionsViewController.swift in Sources */,
				046E3A2F2BCE7CE70097D632 /* SceneDelegate.swift in Sources */,
				2F1850912C3012CB00E32E06 /* UserManager.swift in Sources */,
				046DCE7B2C33D8BF004DDF30 /* CartManager.swift in Sources */,
				04005DD72C2BE5D600D51EFA /* AboutUsViewController.swift in Sources */,
				2F1850972C31CC9E00E32E06 /* ImageScrollView.swift in Sources */,
				04D1AF7C2C203D7F00D8ADDF /* MyAccountViewController.swift in Sources */,
				04FA49B62C2A92E2002C8364 /* ActivityIndicator.swift in Sources */,
				046DCE7D2C33D9A0004DDF30 /* CartViewController.swift in Sources */,
				0486DB152C17255700F2F547 /* ProductModel.swift in Sources */,
				04D1AF7A2C2036A200D8ADDF /* SignUpViewController.swift in Sources */,
				04A7CA5B2C19A79600E25695 /* LoginViewController.swift in Sources */,
			);
			runOnlyForDeploymentPostprocessing = 0;
		};
		04FD2A022C3D3D3400A46114 /* Sources */ = {
			isa = PBXSourcesBuildPhase;
			buildActionMask = 2147483647;
			files = (
				048F48BF2C41454D00CCFAC7 /* MockURLSession.swift in Sources */,
				04DF1A202C3EB79A00304F2B /* RegistrationTests.swift in Sources */,
				04FD2A092C3D3D3400A46114 /* AlliegiantTests.swift in Sources */,
				04FD2A102C3D3DD000A46114 /* LoginTests.swift in Sources */,
			);
			runOnlyForDeploymentPostprocessing = 0;
		};
/* End PBXSourcesBuildPhase section */

/* Begin PBXTargetDependency section */
		04FD2A0B2C3D3D3400A46114 /* PBXTargetDependency */ = {
			isa = PBXTargetDependency;
			target = 046E3A282BCE7CE70097D632 /* Alliegiant */;
			targetProxy = 04FD2A0A2C3D3D3400A46114 /* PBXContainerItemProxy */;
		};
/* End PBXTargetDependency section */

/* Begin PBXVariantGroup section */
		046E3A372BCE7CE90097D632 /* LaunchScreen.storyboard */ = {
			isa = PBXVariantGroup;
			children = (
				046E3A382BCE7CE90097D632 /* Base */,
			);
			name = LaunchScreen.storyboard;
			sourceTree = "<group>";
		};
/* End PBXVariantGroup section */

/* Begin XCBuildConfiguration section */
		046E3A3B2BCE7CE90097D632 /* Debug */ = {
			isa = XCBuildConfiguration;
			buildSettings = {
				ALWAYS_SEARCH_USER_PATHS = NO;
				ASSETCATALOG_COMPILER_GENERATE_SWIFT_ASSET_SYMBOL_EXTENSIONS = YES;
				CLANG_ANALYZER_NONNULL = YES;
				CLANG_ANALYZER_NUMBER_OBJECT_CONVERSION = YES_AGGRESSIVE;
				CLANG_CXX_LANGUAGE_STANDARD = "gnu++20";
				CLANG_ENABLE_MODULES = YES;
				CLANG_ENABLE_OBJC_ARC = YES;
				CLANG_ENABLE_OBJC_WEAK = YES;
				CLANG_WARN_BLOCK_CAPTURE_AUTORELEASING = YES;
				CLANG_WARN_BOOL_CONVERSION = YES;
				CLANG_WARN_COMMA = YES;
				CLANG_WARN_CONSTANT_CONVERSION = YES;
				CLANG_WARN_DEPRECATED_OBJC_IMPLEMENTATIONS = YES;
				CLANG_WARN_DIRECT_OBJC_ISA_USAGE = YES_ERROR;
				CLANG_WARN_DOCUMENTATION_COMMENTS = YES;
				CLANG_WARN_EMPTY_BODY = YES;
				CLANG_WARN_ENUM_CONVERSION = YES;
				CLANG_WARN_INFINITE_RECURSION = YES;
				CLANG_WARN_INT_CONVERSION = YES;
				CLANG_WARN_NON_LITERAL_NULL_CONVERSION = YES;
				CLANG_WARN_OBJC_IMPLICIT_RETAIN_SELF = YES;
				CLANG_WARN_OBJC_LITERAL_CONVERSION = YES;
				CLANG_WARN_OBJC_ROOT_CLASS = YES_ERROR;
				CLANG_WARN_QUOTED_INCLUDE_IN_FRAMEWORK_HEADER = YES;
				CLANG_WARN_RANGE_LOOP_ANALYSIS = YES;
				CLANG_WARN_STRICT_PROTOTYPES = YES;
				CLANG_WARN_SUSPICIOUS_MOVE = YES;
				CLANG_WARN_UNGUARDED_AVAILABILITY = YES_AGGRESSIVE;
				CLANG_WARN_UNREACHABLE_CODE = YES;
				CLANG_WARN__DUPLICATE_METHOD_MATCH = YES;
				COPY_PHASE_STRIP = NO;
				DEBUG_INFORMATION_FORMAT = dwarf;
				ENABLE_NS_ASSERTIONS = YES;
				ENABLE_STRICT_OBJC_MSGSEND = YES;
				ENABLE_TESTABILITY = YES;
				ENABLE_USER_SCRIPT_SANDBOXING = NO;
				GCC_C_LANGUAGE_STANDARD = gnu17;
				GCC_DYNAMIC_NO_PIC = NO;
				GCC_NO_COMMON_BLOCKS = YES;
				GCC_OPTIMIZATION_LEVEL = 0;
				GCC_PREPROCESSOR_DEFINITIONS = (
					"DEBUG=1",
					"$(inherited)",
				);
				GCC_WARN_64_TO_32_BIT_CONVERSION = YES;
				GCC_WARN_ABOUT_RETURN_TYPE = YES_ERROR;
				GCC_WARN_UNDECLARED_SELECTOR = YES;
				GCC_WARN_UNINITIALIZED_AUTOS = YES_AGGRESSIVE;
				GCC_WARN_UNUSED_FUNCTION = YES;
				GCC_WARN_UNUSED_VARIABLE = YES;
				IPHONEOS_DEPLOYMENT_TARGET = 17.4;
				LOCALIZATION_PREFERS_STRING_CATALOGS = YES;
				MTL_ENABLE_DEBUG_INFO = INCLUDE_SOURCE;
				MTL_FAST_MATH = YES;
				ONLY_ACTIVE_ARCH = YES;
				SDKROOT = iphoneos;
				SWIFT_ACTIVE_COMPILATION_CONDITIONS = "DEBUG $(inherited)";
				SWIFT_OPTIMIZATION_LEVEL = "-Onone";
			};
			name = Debug;
		};
		046E3A3C2BCE7CE90097D632 /* Release */ = {
			isa = XCBuildConfiguration;
			buildSettings = {
				ALWAYS_SEARCH_USER_PATHS = NO;
				ASSETCATALOG_COMPILER_GENERATE_SWIFT_ASSET_SYMBOL_EXTENSIONS = YES;
				CLANG_ANALYZER_NONNULL = YES;
				CLANG_ANALYZER_NUMBER_OBJECT_CONVERSION = YES_AGGRESSIVE;
				CLANG_CXX_LANGUAGE_STANDARD = "gnu++20";
				CLANG_ENABLE_MODULES = YES;
				CLANG_ENABLE_OBJC_ARC = YES;
				CLANG_ENABLE_OBJC_WEAK = YES;
				CLANG_WARN_BLOCK_CAPTURE_AUTORELEASING = YES;
				CLANG_WARN_BOOL_CONVERSION = YES;
				CLANG_WARN_COMMA = YES;
				CLANG_WARN_CONSTANT_CONVERSION = YES;
				CLANG_WARN_DEPRECATED_OBJC_IMPLEMENTATIONS = YES;
				CLANG_WARN_DIRECT_OBJC_ISA_USAGE = YES_ERROR;
				CLANG_WARN_DOCUMENTATION_COMMENTS = YES;
				CLANG_WARN_EMPTY_BODY = YES;
				CLANG_WARN_ENUM_CONVERSION = YES;
				CLANG_WARN_INFINITE_RECURSION = YES;
				CLANG_WARN_INT_CONVERSION = YES;
				CLANG_WARN_NON_LITERAL_NULL_CONVERSION = YES;
				CLANG_WARN_OBJC_IMPLICIT_RETAIN_SELF = YES;
				CLANG_WARN_OBJC_LITERAL_CONVERSION = YES;
				CLANG_WARN_OBJC_ROOT_CLASS = YES_ERROR;
				CLANG_WARN_QUOTED_INCLUDE_IN_FRAMEWORK_HEADER = YES;
				CLANG_WARN_RANGE_LOOP_ANALYSIS = YES;
				CLANG_WARN_STRICT_PROTOTYPES = YES;
				CLANG_WARN_SUSPICIOUS_MOVE = YES;
				CLANG_WARN_UNGUARDED_AVAILABILITY = YES_AGGRESSIVE;
				CLANG_WARN_UNREACHABLE_CODE = YES;
				CLANG_WARN__DUPLICATE_METHOD_MATCH = YES;
				COPY_PHASE_STRIP = NO;
				DEBUG_INFORMATION_FORMAT = "dwarf-with-dsym";
				ENABLE_NS_ASSERTIONS = NO;
				ENABLE_STRICT_OBJC_MSGSEND = YES;
				ENABLE_USER_SCRIPT_SANDBOXING = NO;
				GCC_C_LANGUAGE_STANDARD = gnu17;
				GCC_NO_COMMON_BLOCKS = YES;
				GCC_WARN_64_TO_32_BIT_CONVERSION = YES;
				GCC_WARN_ABOUT_RETURN_TYPE = YES_ERROR;
				GCC_WARN_UNDECLARED_SELECTOR = YES;
				GCC_WARN_UNINITIALIZED_AUTOS = YES_AGGRESSIVE;
				GCC_WARN_UNUSED_FUNCTION = YES;
				GCC_WARN_UNUSED_VARIABLE = YES;
				IPHONEOS_DEPLOYMENT_TARGET = 17.4;
				LOCALIZATION_PREFERS_STRING_CATALOGS = YES;
				MTL_ENABLE_DEBUG_INFO = NO;
				MTL_FAST_MATH = YES;
				SDKROOT = iphoneos;
				SWIFT_COMPILATION_MODE = wholemodule;
				VALIDATE_PRODUCT = YES;
			};
			name = Release;
		};
		046E3A3E2BCE7CE90097D632 /* Debug */ = {
			isa = XCBuildConfiguration;
			baseConfigurationReference = 6A45653049DD715D881A0B05 /* Pods-Alliegiant.debug.xcconfig */;
			buildSettings = {
				ASSETCATALOG_COMPILER_APPICON_NAME = AppIcon;
				ASSETCATALOG_COMPILER_GLOBAL_ACCENT_COLOR_NAME = AccentColor;
				CODE_SIGN_STYLE = Automatic;
				CURRENT_PROJECT_VERSION = 1;
				GENERATE_INFOPLIST_FILE = YES;
				INFOPLIST_FILE = Alliegiant/Info.plist;
				INFOPLIST_KEY_UIApplicationSupportsIndirectInputEvents = YES;
				INFOPLIST_KEY_UILaunchStoryboardName = LaunchScreen;
				INFOPLIST_KEY_UIMainStoryboardFile = Main;
				INFOPLIST_KEY_UISupportedInterfaceOrientations = "UIInterfaceOrientationLandscapeLeft UIInterfaceOrientationLandscapeRight UIInterfaceOrientationPortrait";
				LD_RUNPATH_SEARCH_PATHS = (
					"$(inherited)",
					"@executable_path/Frameworks",
				);
				MARKETING_VERSION = 1.0;
				PRODUCT_BUNDLE_IDENTIFIER = com.doney.Alliegiant;
				PRODUCT_NAME = "$(TARGET_NAME)";
				SUPPORTED_PLATFORMS = "iphoneos iphonesimulator";
				SUPPORTS_MACCATALYST = NO;
				SUPPORTS_MAC_DESIGNED_FOR_IPHONE_IPAD = NO;
				SUPPORTS_XR_DESIGNED_FOR_IPHONE_IPAD = NO;
				SWIFT_EMIT_LOC_STRINGS = YES;
				SWIFT_VERSION = 5.0;
				TARGETED_DEVICE_FAMILY = "1,2";
			};
			name = Debug;
		};
		046E3A3F2BCE7CE90097D632 /* Release */ = {
			isa = XCBuildConfiguration;
			baseConfigurationReference = BB1D1398194B86ECBD5E8179 /* Pods-Alliegiant.release.xcconfig */;
			buildSettings = {
				ASSETCATALOG_COMPILER_APPICON_NAME = AppIcon;
				ASSETCATALOG_COMPILER_GLOBAL_ACCENT_COLOR_NAME = AccentColor;
				CODE_SIGN_STYLE = Automatic;
				CURRENT_PROJECT_VERSION = 1;
				GENERATE_INFOPLIST_FILE = YES;
				INFOPLIST_FILE = Alliegiant/Info.plist;
				INFOPLIST_KEY_UIApplicationSupportsIndirectInputEvents = YES;
				INFOPLIST_KEY_UILaunchStoryboardName = LaunchScreen;
				INFOPLIST_KEY_UIMainStoryboardFile = Main;
				INFOPLIST_KEY_UISupportedInterfaceOrientations = "UIInterfaceOrientationLandscapeLeft UIInterfaceOrientationLandscapeRight UIInterfaceOrientationPortrait";
				LD_RUNPATH_SEARCH_PATHS = (
					"$(inherited)",
					"@executable_path/Frameworks",
				);
				MARKETING_VERSION = 1.0;
				PRODUCT_BUNDLE_IDENTIFIER = com.doney.Alliegiant;
				PRODUCT_NAME = "$(TARGET_NAME)";
				SUPPORTED_PLATFORMS = "iphoneos iphonesimulator";
				SUPPORTS_MACCATALYST = NO;
				SUPPORTS_MAC_DESIGNED_FOR_IPHONE_IPAD = NO;
				SUPPORTS_XR_DESIGNED_FOR_IPHONE_IPAD = NO;
				SWIFT_EMIT_LOC_STRINGS = YES;
				SWIFT_VERSION = 5.0;
				TARGETED_DEVICE_FAMILY = "1,2";
			};
			name = Release;
		};
		04FD2A0D2C3D3D3400A46114 /* Debug */ = {
			isa = XCBuildConfiguration;
			buildSettings = {
				BUNDLE_LOADER = "$(TEST_HOST)";
				CODE_SIGN_STYLE = Automatic;
				CURRENT_PROJECT_VERSION = 1;
				ENABLE_USER_SCRIPT_SANDBOXING = YES;
				GENERATE_INFOPLIST_FILE = YES;
				MARKETING_VERSION = 1.0;
				PRODUCT_BUNDLE_IDENTIFIER = com.doney.AlliegiantTests;
				PRODUCT_NAME = "$(TARGET_NAME)";
				SWIFT_EMIT_LOC_STRINGS = NO;
				SWIFT_VERSION = 5.0;
				TARGETED_DEVICE_FAMILY = "1,2";
				TEST_HOST = "$(BUILT_PRODUCTS_DIR)/Alliegiant.app/$(BUNDLE_EXECUTABLE_FOLDER_PATH)/Alliegiant";
			};
			name = Debug;
		};
		04FD2A0E2C3D3D3400A46114 /* Release */ = {
			isa = XCBuildConfiguration;
			buildSettings = {
				BUNDLE_LOADER = "$(TEST_HOST)";
				CODE_SIGN_STYLE = Automatic;
				CURRENT_PROJECT_VERSION = 1;
				ENABLE_USER_SCRIPT_SANDBOXING = YES;
				GENERATE_INFOPLIST_FILE = YES;
				MARKETING_VERSION = 1.0;
				PRODUCT_BUNDLE_IDENTIFIER = com.doney.AlliegiantTests;
				PRODUCT_NAME = "$(TARGET_NAME)";
				SWIFT_EMIT_LOC_STRINGS = NO;
				SWIFT_VERSION = 5.0;
				TARGETED_DEVICE_FAMILY = "1,2";
				TEST_HOST = "$(BUILT_PRODUCTS_DIR)/Alliegiant.app/$(BUNDLE_EXECUTABLE_FOLDER_PATH)/Alliegiant";
			};
			name = Release;
		};
/* End XCBuildConfiguration section */

/* Begin XCConfigurationList section */
		046E3A242BCE7CE70097D632 /* Build configuration list for PBXProject "Alliegiant" */ = {
			isa = XCConfigurationList;
			buildConfigurations = (
				046E3A3B2BCE7CE90097D632 /* Debug */,
				046E3A3C2BCE7CE90097D632 /* Release */,
			);
			defaultConfigurationIsVisible = 0;
			defaultConfigurationName = Release;
		};
		046E3A3D2BCE7CE90097D632 /* Build configuration list for PBXNativeTarget "Alliegiant" */ = {
			isa = XCConfigurationList;
			buildConfigurations = (
				046E3A3E2BCE7CE90097D632 /* Debug */,
				046E3A3F2BCE7CE90097D632 /* Release */,
			);
			defaultConfigurationIsVisible = 0;
			defaultConfigurationName = Release;
		};
		04FD2A0C2C3D3D3400A46114 /* Build configuration list for PBXNativeTarget "AlliegiantTests" */ = {
			isa = XCConfigurationList;
			buildConfigurations = (
				04FD2A0D2C3D3D3400A46114 /* Debug */,
				04FD2A0E2C3D3D3400A46114 /* Release */,
			);
			defaultConfigurationIsVisible = 0;
			defaultConfigurationName = Release;
		};
/* End XCConfigurationList section */
	};
	rootObject = 046E3A212BCE7CE70097D632 /* Project object */;
}
